
Microsoft Visual Studio Solution File, Format Version 12.00
# Visual Studio 15
VisualStudioVersion = 15.0.26124.0
MinimumVisualStudioVersion = 15.0.26124.0
Project("{9A19103F-16F7-4668-BE54-9A1E7A4F7556}") = "Entia.Core", "Entia.Core\Entia.Core.csproj", "{E0E0D76E-7EFC-4235-8A7E-CE194E8F071B}"
EndProject
Project("{9A19103F-16F7-4668-BE54-9A1E7A4F7556}") = "Entia.Experiment", "Entia.Experiment\Entia.Experiment.csproj", "{DB3D9559-9592-4EE0-96BA-DB54ECB52792}"
EndProject
Project("{9A19103F-16F7-4668-BE54-9A1E7A4F7556}") = "Entia", "Entia\Entia.csproj", "{FC5910FD-172C-423A-83BB-A9B4F7E165D9}"
EndProject
Project("{9A19103F-16F7-4668-BE54-9A1E7A4F7556}") = "Entia.Test", "Entia.Test\Entia.Test.csproj", "{E0404685-BCE3-436E-91DF-BCE3336A2975}"
EndProject
Project("{9A19103F-16F7-4668-BE54-9A1E7A4F7556}") = "Entia.Analyze", "Entia.Analyze\Entia.Analyze.csproj", "{F7A5998F-87EA-4C50-AD74-293236707A3E}"
EndProject
Project("{FAE04EC0-301F-11D3-BF4B-00C04F79EFBC}") = "Entia.Analyze.Vsix", "Entia.Analyze.Vsix\Entia.Analyze.Vsix.csproj", "{E66E5788-4EB3-42E3-8E68-3902C59D4504}"
EndProject
Global
	GlobalSection(SolutionConfigurationPlatforms) = preSolution
		Debug With Analyzer|Any CPU = Debug With Analyzer|Any CPU
		Debug With Analyzer|x64 = Debug With Analyzer|x64
		Debug With Analyzer|x86 = Debug With Analyzer|x86
		Debug|Any CPU = Debug|Any CPU
		Debug|x64 = Debug|x64
		Debug|x86 = Debug|x86
		Release With Analyzer|Any CPU = Release With Analyzer|Any CPU
		Release With Analyzer|x64 = Release With Analyzer|x64
		Release With Analyzer|x86 = Release With Analyzer|x86
		Release|Any CPU = Release|Any CPU
		Release|x64 = Release|x64
		Release|x86 = Release|x86
	EndGlobalSection
	GlobalSection(ProjectConfigurationPlatforms) = postSolution
		{E0E0D76E-7EFC-4235-8A7E-CE194E8F071B}.Debug With Analyzer|Any CPU.ActiveCfg = Debug With Analyzer|Any CPU
		{E0E0D76E-7EFC-4235-8A7E-CE194E8F071B}.Debug With Analyzer|Any CPU.Build.0 = Debug With Analyzer|Any CPU
		{E0E0D76E-7EFC-4235-8A7E-CE194E8F071B}.Debug With Analyzer|x64.ActiveCfg = Debug With Analyzer|Any CPU
		{E0E0D76E-7EFC-4235-8A7E-CE194E8F071B}.Debug With Analyzer|x64.Build.0 = Debug With Analyzer|Any CPU
		{E0E0D76E-7EFC-4235-8A7E-CE194E8F071B}.Debug With Analyzer|x86.ActiveCfg = Debug With Analyzer|Any CPU
		{E0E0D76E-7EFC-4235-8A7E-CE194E8F071B}.Debug With Analyzer|x86.Build.0 = Debug With Analyzer|Any CPU
		{E0E0D76E-7EFC-4235-8A7E-CE194E8F071B}.Debug|Any CPU.ActiveCfg = Debug|Any CPU
		{E0E0D76E-7EFC-4235-8A7E-CE194E8F071B}.Debug|Any CPU.Build.0 = Debug|Any CPU
		{E0E0D76E-7EFC-4235-8A7E-CE194E8F071B}.Debug|x64.ActiveCfg = Debug|Any CPU
		{E0E0D76E-7EFC-4235-8A7E-CE194E8F071B}.Debug|x64.Build.0 = Debug|Any CPU
		{E0E0D76E-7EFC-4235-8A7E-CE194E8F071B}.Debug|x86.ActiveCfg = Debug|Any CPU
		{E0E0D76E-7EFC-4235-8A7E-CE194E8F071B}.Debug|x86.Build.0 = Debug|Any CPU
		{E0E0D76E-7EFC-4235-8A7E-CE194E8F071B}.Release With Analyzer|Any CPU.ActiveCfg = Release With Analyzer|Any CPU
		{E0E0D76E-7EFC-4235-8A7E-CE194E8F071B}.Release With Analyzer|Any CPU.Build.0 = Release With Analyzer|Any CPU
		{E0E0D76E-7EFC-4235-8A7E-CE194E8F071B}.Release With Analyzer|x64.ActiveCfg = Release With Analyzer|Any CPU
		{E0E0D76E-7EFC-4235-8A7E-CE194E8F071B}.Release With Analyzer|x64.Build.0 = Release With Analyzer|Any CPU
		{E0E0D76E-7EFC-4235-8A7E-CE194E8F071B}.Release With Analyzer|x86.ActiveCfg = Release With Analyzer|Any CPU
		{E0E0D76E-7EFC-4235-8A7E-CE194E8F071B}.Release With Analyzer|x86.Build.0 = Release With Analyzer|Any CPU
		{E0E0D76E-7EFC-4235-8A7E-CE194E8F071B}.Release|Any CPU.ActiveCfg = Release|Any CPU
		{E0E0D76E-7EFC-4235-8A7E-CE194E8F071B}.Release|Any CPU.Build.0 = Release|Any CPU
		{E0E0D76E-7EFC-4235-8A7E-CE194E8F071B}.Release|x64.ActiveCfg = Release|Any CPU
		{E0E0D76E-7EFC-4235-8A7E-CE194E8F071B}.Release|x64.Build.0 = Release|Any CPU
		{E0E0D76E-7EFC-4235-8A7E-CE194E8F071B}.Release|x86.ActiveCfg = Release|Any CPU
		{E0E0D76E-7EFC-4235-8A7E-CE194E8F071B}.Release|x86.Build.0 = Release|Any CPU
		{DB3D9559-9592-4EE0-96BA-DB54ECB52792}.Debug With Analyzer|Any CPU.ActiveCfg = Debug With Analyzer|Any CPU
		{DB3D9559-9592-4EE0-96BA-DB54ECB52792}.Debug With Analyzer|Any CPU.Build.0 = Debug With Analyzer|Any CPU
		{DB3D9559-9592-4EE0-96BA-DB54ECB52792}.Debug With Analyzer|x64.ActiveCfg = Debug With Analyzer|Any CPU
		{DB3D9559-9592-4EE0-96BA-DB54ECB52792}.Debug With Analyzer|x64.Build.0 = Debug With Analyzer|Any CPU
		{DB3D9559-9592-4EE0-96BA-DB54ECB52792}.Debug With Analyzer|x86.ActiveCfg = Debug With Analyzer|Any CPU
		{DB3D9559-9592-4EE0-96BA-DB54ECB52792}.Debug With Analyzer|x86.Build.0 = Debug With Analyzer|Any CPU
		{DB3D9559-9592-4EE0-96BA-DB54ECB52792}.Debug|Any CPU.ActiveCfg = Debug|Any CPU
		{DB3D9559-9592-4EE0-96BA-DB54ECB52792}.Debug|Any CPU.Build.0 = Debug|Any CPU
		{DB3D9559-9592-4EE0-96BA-DB54ECB52792}.Debug|x64.ActiveCfg = Debug|Any CPU
		{DB3D9559-9592-4EE0-96BA-DB54ECB52792}.Debug|x64.Build.0 = Debug|Any CPU
		{DB3D9559-9592-4EE0-96BA-DB54ECB52792}.Debug|x86.ActiveCfg = Debug|Any CPU
		{DB3D9559-9592-4EE0-96BA-DB54ECB52792}.Debug|x86.Build.0 = Debug|Any CPU
		{DB3D9559-9592-4EE0-96BA-DB54ECB52792}.Release With Analyzer|Any CPU.ActiveCfg = Release With Analyzer|Any CPU
		{DB3D9559-9592-4EE0-96BA-DB54ECB52792}.Release With Analyzer|Any CPU.Build.0 = Release With Analyzer|Any CPU
		{DB3D9559-9592-4EE0-96BA-DB54ECB52792}.Release With Analyzer|x64.ActiveCfg = Release With Analyzer|Any CPU
		{DB3D9559-9592-4EE0-96BA-DB54ECB52792}.Release With Analyzer|x64.Build.0 = Release With Analyzer|Any CPU
		{DB3D9559-9592-4EE0-96BA-DB54ECB52792}.Release With Analyzer|x86.ActiveCfg = Release With Analyzer|Any CPU
		{DB3D9559-9592-4EE0-96BA-DB54ECB52792}.Release With Analyzer|x86.Build.0 = Release With Analyzer|Any CPU
		{DB3D9559-9592-4EE0-96BA-DB54ECB52792}.Release|Any CPU.ActiveCfg = Release|Any CPU
		{DB3D9559-9592-4EE0-96BA-DB54ECB52792}.Release|Any CPU.Build.0 = Release|Any CPU
		{DB3D9559-9592-4EE0-96BA-DB54ECB52792}.Release|x64.ActiveCfg = Release|Any CPU
		{DB3D9559-9592-4EE0-96BA-DB54ECB52792}.Release|x64.Build.0 = Release|Any CPU
		{DB3D9559-9592-4EE0-96BA-DB54ECB52792}.Release|x86.ActiveCfg = Release|Any CPU
		{DB3D9559-9592-4EE0-96BA-DB54ECB52792}.Release|x86.Build.0 = Release|Any CPU
		{FC5910FD-172C-423A-83BB-A9B4F7E165D9}.Debug With Analyzer|Any CPU.ActiveCfg = Debug With Analyzer|Any CPU
		{FC5910FD-172C-423A-83BB-A9B4F7E165D9}.Debug With Analyzer|Any CPU.Build.0 = Debug With Analyzer|Any CPU
		{FC5910FD-172C-423A-83BB-A9B4F7E165D9}.Debug With Analyzer|x64.ActiveCfg = Debug With Analyzer|Any CPU
		{FC5910FD-172C-423A-83BB-A9B4F7E165D9}.Debug With Analyzer|x64.Build.0 = Debug With Analyzer|Any CPU
		{FC5910FD-172C-423A-83BB-A9B4F7E165D9}.Debug With Analyzer|x86.ActiveCfg = Debug With Analyzer|Any CPU
		{FC5910FD-172C-423A-83BB-A9B4F7E165D9}.Debug With Analyzer|x86.Build.0 = Debug With Analyzer|Any CPU
		{FC5910FD-172C-423A-83BB-A9B4F7E165D9}.Debug|Any CPU.ActiveCfg = Debug|Any CPU
		{FC5910FD-172C-423A-83BB-A9B4F7E165D9}.Debug|Any CPU.Build.0 = Debug|Any CPU
		{FC5910FD-172C-423A-83BB-A9B4F7E165D9}.Debug|x64.ActiveCfg = Debug|Any CPU
		{FC5910FD-172C-423A-83BB-A9B4F7E165D9}.Debug|x64.Build.0 = Debug|Any CPU
		{FC5910FD-172C-423A-83BB-A9B4F7E165D9}.Debug|x86.ActiveCfg = Debug|Any CPU
		{FC5910FD-172C-423A-83BB-A9B4F7E165D9}.Debug|x86.Build.0 = Debug|Any CPU
		{FC5910FD-172C-423A-83BB-A9B4F7E165D9}.Release With Analyzer|Any CPU.ActiveCfg = Release With Analyzer|Any CPU
		{FC5910FD-172C-423A-83BB-A9B4F7E165D9}.Release With Analyzer|Any CPU.Build.0 = Release With Analyzer|Any CPU
		{FC5910FD-172C-423A-83BB-A9B4F7E165D9}.Release With Analyzer|x64.ActiveCfg = Release With Analyzer|Any CPU
		{FC5910FD-172C-423A-83BB-A9B4F7E165D9}.Release With Analyzer|x64.Build.0 = Release With Analyzer|Any CPU
		{FC5910FD-172C-423A-83BB-A9B4F7E165D9}.Release With Analyzer|x86.ActiveCfg = Release With Analyzer|Any CPU
		{FC5910FD-172C-423A-83BB-A9B4F7E165D9}.Release With Analyzer|x86.Build.0 = Release With Analyzer|Any CPU
		{FC5910FD-172C-423A-83BB-A9B4F7E165D9}.Release|Any CPU.ActiveCfg = Release|Any CPU
		{FC5910FD-172C-423A-83BB-A9B4F7E165D9}.Release|Any CPU.Build.0 = Release|Any CPU
		{FC5910FD-172C-423A-83BB-A9B4F7E165D9}.Release|x64.ActiveCfg = Release|Any CPU
		{FC5910FD-172C-423A-83BB-A9B4F7E165D9}.Release|x64.Build.0 = Release|Any CPU
		{FC5910FD-172C-423A-83BB-A9B4F7E165D9}.Release|x86.ActiveCfg = Release|Any CPU
		{FC5910FD-172C-423A-83BB-A9B4F7E165D9}.Release|x86.Build.0 = Release|Any CPU
		{E0404685-BCE3-436E-91DF-BCE3336A2975}.Debug With Analyzer|Any CPU.ActiveCfg = Debug With Analyzer|Any CPU
		{E0404685-BCE3-436E-91DF-BCE3336A2975}.Debug With Analyzer|Any CPU.Build.0 = Debug With Analyzer|Any CPU
		{E0404685-BCE3-436E-91DF-BCE3336A2975}.Debug With Analyzer|x64.ActiveCfg = Debug With Analyzer|Any CPU
		{E0404685-BCE3-436E-91DF-BCE3336A2975}.Debug With Analyzer|x64.Build.0 = Debug With Analyzer|Any CPU
		{E0404685-BCE3-436E-91DF-BCE3336A2975}.Debug With Analyzer|x86.ActiveCfg = Debug With Analyzer|Any CPU
		{E0404685-BCE3-436E-91DF-BCE3336A2975}.Debug With Analyzer|x86.Build.0 = Debug With Analyzer|Any CPU
		{E0404685-BCE3-436E-91DF-BCE3336A2975}.Debug|Any CPU.ActiveCfg = Debug|Any CPU
		{E0404685-BCE3-436E-91DF-BCE3336A2975}.Debug|Any CPU.Build.0 = Debug|Any CPU
		{E0404685-BCE3-436E-91DF-BCE3336A2975}.Debug|x64.ActiveCfg = Debug|Any CPU
		{E0404685-BCE3-436E-91DF-BCE3336A2975}.Debug|x64.Build.0 = Debug|Any CPU
		{E0404685-BCE3-436E-91DF-BCE3336A2975}.Debug|x86.ActiveCfg = Debug|Any CPU
		{E0404685-BCE3-436E-91DF-BCE3336A2975}.Debug|x86.Build.0 = Debug|Any CPU
		{E0404685-BCE3-436E-91DF-BCE3336A2975}.Release With Analyzer|Any CPU.ActiveCfg = Release With Analyzer|Any CPU
		{E0404685-BCE3-436E-91DF-BCE3336A2975}.Release With Analyzer|Any CPU.Build.0 = Release With Analyzer|Any CPU
		{E0404685-BCE3-436E-91DF-BCE3336A2975}.Release With Analyzer|x64.ActiveCfg = Release With Analyzer|Any CPU
		{E0404685-BCE3-436E-91DF-BCE3336A2975}.Release With Analyzer|x64.Build.0 = Release With Analyzer|Any CPU
		{E0404685-BCE3-436E-91DF-BCE3336A2975}.Release With Analyzer|x86.ActiveCfg = Release With Analyzer|Any CPU
		{E0404685-BCE3-436E-91DF-BCE3336A2975}.Release With Analyzer|x86.Build.0 = Release With Analyzer|Any CPU
		{E0404685-BCE3-436E-91DF-BCE3336A2975}.Release|Any CPU.ActiveCfg = Release|Any CPU
		{E0404685-BCE3-436E-91DF-BCE3336A2975}.Release|Any CPU.Build.0 = Release|Any CPU
		{E0404685-BCE3-436E-91DF-BCE3336A2975}.Release|x64.ActiveCfg = Release|Any CPU
		{E0404685-BCE3-436E-91DF-BCE3336A2975}.Release|x64.Build.0 = Release|Any CPU
		{E0404685-BCE3-436E-91DF-BCE3336A2975}.Release|x86.ActiveCfg = Release|Any CPU
		{E0404685-BCE3-436E-91DF-BCE3336A2975}.Release|x86.Build.0 = Release|Any CPU
		{F7A5998F-87EA-4C50-AD74-293236707A3E}.Debug With Analyzer|Any CPU.ActiveCfg = Debug With Analyzer|Any CPU
		{F7A5998F-87EA-4C50-AD74-293236707A3E}.Debug With Analyzer|Any CPU.Build.0 = Debug With Analyzer|Any CPU
		{F7A5998F-87EA-4C50-AD74-293236707A3E}.Debug With Analyzer|x64.ActiveCfg = Debug With Analyzer|Any CPU
		{F7A5998F-87EA-4C50-AD74-293236707A3E}.Debug With Analyzer|x64.Build.0 = Debug With Analyzer|Any CPU
		{F7A5998F-87EA-4C50-AD74-293236707A3E}.Debug With Analyzer|x86.ActiveCfg = Debug With Analyzer|Any CPU
		{F7A5998F-87EA-4C50-AD74-293236707A3E}.Debug With Analyzer|x86.Build.0 = Debug With Analyzer|Any CPU
		{F7A5998F-87EA-4C50-AD74-293236707A3E}.Debug|Any CPU.ActiveCfg = Debug With Analyzer|Any CPU
		{F7A5998F-87EA-4C50-AD74-293236707A3E}.Debug|x64.ActiveCfg = Debug With Analyzer|Any CPU
		{F7A5998F-87EA-4C50-AD74-293236707A3E}.Debug|x64.Build.0 = Debug With Analyzer|Any CPU
		{F7A5998F-87EA-4C50-AD74-293236707A3E}.Debug|x86.ActiveCfg = Debug With Analyzer|Any CPU
		{F7A5998F-87EA-4C50-AD74-293236707A3E}.Debug|x86.Build.0 = Debug With Analyzer|Any CPU
		{F7A5998F-87EA-4C50-AD74-293236707A3E}.Release With Analyzer|Any CPU.ActiveCfg = Release With Analyzer|Any CPU
		{F7A5998F-87EA-4C50-AD74-293236707A3E}.Release With Analyzer|Any CPU.Build.0 = Release With Analyzer|Any CPU
		{F7A5998F-87EA-4C50-AD74-293236707A3E}.Release With Analyzer|x64.ActiveCfg = Release With Analyzer|Any CPU
		{F7A5998F-87EA-4C50-AD74-293236707A3E}.Release With Analyzer|x64.Build.0 = Release With Analyzer|Any CPU
		{F7A5998F-87EA-4C50-AD74-293236707A3E}.Release With Analyzer|x86.ActiveCfg = Release With Analyzer|Any CPU
		{F7A5998F-87EA-4C50-AD74-293236707A3E}.Release With Analyzer|x86.Build.0 = Release With Analyzer|Any CPU
		{F7A5998F-87EA-4C50-AD74-293236707A3E}.Release|Any CPU.ActiveCfg = Release With Analyzer|Any CPU
		{F7A5998F-87EA-4C50-AD74-293236707A3E}.Release|x64.ActiveCfg = Release With Analyzer|Any CPU
		{F7A5998F-87EA-4C50-AD74-293236707A3E}.Release|x64.Build.0 = Release With Analyzer|Any CPU
		{F7A5998F-87EA-4C50-AD74-293236707A3E}.Release|x86.ActiveCfg = Release With Analyzer|Any CPU
		{F7A5998F-87EA-4C50-AD74-293236707A3E}.Release|x86.Build.0 = Release With Analyzer|Any CPU
		{E66E5788-4EB3-42E3-8E68-3902C59D4504}.Debug With Analyzer|Any CPU.ActiveCfg = Debug With Analyzer|Any CPU
		{E66E5788-4EB3-42E3-8E68-3902C59D4504}.Debug With Analyzer|Any CPU.Build.0 = Debug With Analyzer|Any CPU
		{E66E5788-4EB3-42E3-8E68-3902C59D4504}.Debug With Analyzer|x64.ActiveCfg = Debug With Analyzer|Any CPU
		{E66E5788-4EB3-42E3-8E68-3902C59D4504}.Debug With Analyzer|x64.Build.0 = Debug With Analyzer|Any CPU
		{E66E5788-4EB3-42E3-8E68-3902C59D4504}.Debug With Analyzer|x86.ActiveCfg = Debug With Analyzer|Any CPU
		{E66E5788-4EB3-42E3-8E68-3902C59D4504}.Debug With Analyzer|x86.Build.0 = Debug With Analyzer|Any CPU
		{E66E5788-4EB3-42E3-8E68-3902C59D4504}.Debug|Any CPU.ActiveCfg = Debug With Analyzer|Any CPU
		{E66E5788-4EB3-42E3-8E68-3902C59D4504}.Debug|x64.ActiveCfg = Debug With Analyzer|Any CPU
		{E66E5788-4EB3-42E3-8E68-3902C59D4504}.Debug|x64.Build.0 = Debug With Analyzer|Any CPU
		{E66E5788-4EB3-42E3-8E68-3902C59D4504}.Debug|x86.ActiveCfg = Debug With Analyzer|Any CPU
		{E66E5788-4EB3-42E3-8E68-3902C59D4504}.Debug|x86.Build.0 = Debug With Analyzer|Any CPU
		{E66E5788-4EB3-42E3-8E68-3902C59D4504}.Release With Analyzer|Any CPU.ActiveCfg = Release With Analyzer|Any CPU
		{E66E5788-4EB3-42E3-8E68-3902C59D4504}.Release With Analyzer|Any CPU.Build.0 = Release With Analyzer|Any CPU
		{E66E5788-4EB3-42E3-8E68-3902C59D4504}.Release With Analyzer|x64.ActiveCfg = Release With Analyzer|Any CPU
		{E66E5788-4EB3-42E3-8E68-3902C59D4504}.Release With Analyzer|x64.Build.0 = Release With Analyzer|Any CPU
		{E66E5788-4EB3-42E3-8E68-3902C59D4504}.Release With Analyzer|x86.ActiveCfg = Release With Analyzer|Any CPU
		{E66E5788-4EB3-42E3-8E68-3902C59D4504}.Release With Analyzer|x86.Build.0 = Release With Analyzer|Any CPU
		{E66E5788-4EB3-42E3-8E68-3902C59D4504}.Release|Any CPU.ActiveCfg = Release With Analyzer|Any CPU
		{E66E5788-4EB3-42E3-8E68-3902C59D4504}.Release|x64.ActiveCfg = Release With Analyzer|Any CPU
		{E66E5788-4EB3-42E3-8E68-3902C59D4504}.Release|x64.Build.0 = Release With Analyzer|Any CPU
		{E66E5788-4EB3-42E3-8E68-3902C59D4504}.Release|x86.ActiveCfg = Release With Analyzer|Any CPU
		{E66E5788-4EB3-42E3-8E68-3902C59D4504}.Release|x86.Build.0 = Release With Analyzer|Any CPU
	EndGlobalSection
	GlobalSection(SolutionProperties) = preSolution
		HideSolutionNode = FALSE
	EndGlobalSection
	GlobalSection(ExtensibilityGlobals) = postSolution
		SolutionGuid = {34071C46-13E0-4704-9552-CC5B4C858EE2}
	EndGlobalSection
EndGlobal
